
Microsoft Visual Studio Solution File, Format Version 12.00
# Visual Studio Version 16
VisualStudioVersion = 16.0.31129.286
MinimumVisualStudioVersion = 10.0.40219.1
Project("{9A19103F-16F7-4668-BE54-9A1E7A4F7556}") = "3SemesterREST", "3SemesterREST\3SemesterREST.csproj", "{98B360C8-8500-46C5-971F-D2C1CC8F089D}"
EndProject
Project("{9A19103F-16F7-4668-BE54-9A1E7A4F7556}") = "UdpReceiver", "UdpReceiver\UdpReceiver.csproj", "{130F78C2-AF93-48AD-B1E6-555168547234}"
EndProject
Project("{FAE04EC0-301F-11D3-BF4B-00C04F79EFBC}") = "3SemesterRESTTests", "3SemesterRESTTests\3SemesterRESTTests.csproj", "{02E4E35C-25EC-4955-A534-B64EFBE01E39}"
EndProject
Global
	GlobalSection(SolutionConfigurationPlatforms) = preSolution
		Debug|Any CPU = Debug|Any CPU
		Release|Any CPU = Release|Any CPU
	EndGlobalSection
	GlobalSection(ProjectConfigurationPlatforms) = postSolution
		{98B360C8-8500-46C5-971F-D2C1CC8F089D}.Debug|Any CPU.ActiveCfg = Debug|Any CPU
		{98B360C8-8500-46C5-971F-D2C1CC8F089D}.Debug|Any CPU.Build.0 = Debug|Any CPU
		{98B360C8-8500-46C5-971F-D2C1CC8F089D}.Release|Any CPU.ActiveCfg = Release|Any CPU
		{98B360C8-8500-46C5-971F-D2C1CC8F089D}.Release|Any CPU.Build.0 = Release|Any CPU
		{130F78C2-AF93-48AD-B1E6-555168547234}.Debug|Any CPU.ActiveCfg = Debug|Any CPU
		{130F78C2-AF93-48AD-B1E6-555168547234}.Debug|Any CPU.Build.0 = Debug|Any CPU
		{130F78C2-AF93-48AD-B1E6-555168547234}.Release|Any CPU.ActiveCfg = Release|Any CPU
		{130F78C2-AF93-48AD-B1E6-555168547234}.Release|Any CPU.Build.0 = Release|Any CPU
		{02E4E35C-25EC-4955-A534-B64EFBE01E39}.Debug|Any CPU.ActiveCfg = Debug|Any CPU
		{02E4E35C-25EC-4955-A534-B64EFBE01E39}.Debug|Any CPU.Build.0 = Debug|Any CPU
		{02E4E35C-25EC-4955-A534-B64EFBE01E39}.Release|Any CPU.ActiveCfg = Release|Any CPU
		{02E4E35C-25EC-4955-A534-B64EFBE01E39}.Release|Any CPU.Build.0 = Release|Any CPU
	EndGlobalSection
	GlobalSection(SolutionProperties) = preSolution
		HideSolutionNode = FALSE
	EndGlobalSection
	GlobalSection(ExtensibilityGlobals) = postSolution
		SolutionGuid = {9DA50941-8E69-4A76-8040-3578C03E46CD}
	EndGlobalSection
EndGlobal
